// !$*UTF8*$!
{
	archiveVersion = 1;
	classes = {
	};
	objectVersion = 46;
	objects = {

/* Begin PBXBuildFile section */
		71A3A9021C0A5076008E4D0C /* AppDelegate.swift in Sources */ = {isa = PBXBuildFile; fileRef = 71A3A9011C0A5076008E4D0C /* AppDelegate.swift */; };
		71A3A9071C0A5076008E4D0C /* Main.storyboard in Resources */ = {isa = PBXBuildFile; fileRef = 71A3A9051C0A5076008E4D0C /* Main.storyboard */; };
		71A3A9091C0A5076008E4D0C /* Assets.xcassets in Resources */ = {isa = PBXBuildFile; fileRef = 71A3A9081C0A5076008E4D0C /* Assets.xcassets */; };
		71A3A90C1C0A5076008E4D0C /* LaunchScreen.storyboard in Resources */ = {isa = PBXBuildFile; fileRef = 71A3A90A1C0A5076008E4D0C /* LaunchScreen.storyboard */; };
		71A3A9141C0A539F008E4D0C /* MapKit.framework in Frameworks */ = {isa = PBXBuildFile; fileRef = 71A3A9131C0A539F008E4D0C /* MapKit.framework */; };
		71A3A9161C0A53F8008E4D0C /* MapViewController.swift in Sources */ = {isa = PBXBuildFile; fileRef = 71A3A9151C0A53F8008E4D0C /* MapViewController.swift */; };
		71A3A9191C0A54CF008E4D0C /* Model.xcdatamodeld in Sources */ = {isa = PBXBuildFile; fileRef = 71A3A9171C0A54CF008E4D0C /* Model.xcdatamodeld */; };
		71A3A91B1C0A5AD2008E4D0C /* LocationDetailViewController.swift in Sources */ = {isa = PBXBuildFile; fileRef = 71A3A91A1C0A5AD2008E4D0C /* LocationDetailViewController.swift */; };
		71A3A9231C0BB004008E4D0C /* Pin.swift in Sources */ = {isa = PBXBuildFile; fileRef = 71A3A9221C0BB004008E4D0C /* Pin.swift */; };
		71A3A9251C0CE30B008E4D0C /* CoreDataStackManager.swift in Sources */ = {isa = PBXBuildFile; fileRef = 71A3A9241C0CE30B008E4D0C /* CoreDataStackManager.swift */; };
/* End PBXBuildFile section */

/* Begin PBXFileReference section */
		71A3A8FE1C0A5076008E4D0C /* Virtual Tourist.app */ = {isa = PBXFileReference; explicitFileType = wrapper.application; includeInIndex = 0; path = "Virtual Tourist.app"; sourceTree = BUILT_PRODUCTS_DIR; };
		71A3A9011C0A5076008E4D0C /* AppDelegate.swift */ = {isa = PBXFileReference; lastKnownFileType = sourcecode.swift; path = AppDelegate.swift; sourceTree = "<group>"; };
		71A3A9061C0A5076008E4D0C /* Base */ = {isa = PBXFileReference; lastKnownFileType = file.storyboard; name = Base; path = Base.lproj/Main.storyboard; sourceTree = "<group>"; };
		71A3A9081C0A5076008E4D0C /* Assets.xcassets */ = {isa = PBXFileReference; lastKnownFileType = folder.assetcatalog; path = Assets.xcassets; sourceTree = "<group>"; };
		71A3A90B1C0A5076008E4D0C /* Base */ = {isa = PBXFileReference; lastKnownFileType = file.storyboard; name = Base; path = Base.lproj/LaunchScreen.storyboard; sourceTree = "<group>"; };
		71A3A90D1C0A5076008E4D0C /* Info.plist */ = {isa = PBXFileReference; lastKnownFileType = text.plist.xml; path = Info.plist; sourceTree = "<group>"; };
		71A3A9131C0A539F008E4D0C /* MapKit.framework */ = {isa = PBXFileReference; lastKnownFileType = wrapper.framework; name = MapKit.framework; path = System/Library/Frameworks/MapKit.framework; sourceTree = SDKROOT; };
		71A3A9151C0A53F8008E4D0C /* MapViewController.swift */ = {isa = PBXFileReference; fileEncoding = 4; lastKnownFileType = sourcecode.swift; path = MapViewController.swift; sourceTree = "<group>"; };
		71A3A9181C0A54CF008E4D0C /* Model.xcdatamodel */ = {isa = PBXFileReference; lastKnownFileType = wrapper.xcdatamodel; path = Model.xcdatamodel; sourceTree = "<group>"; };
		71A3A91A1C0A5AD2008E4D0C /* LocationDetailViewController.swift */ = {isa = PBXFileReference; fileEncoding = 4; lastKnownFileType = sourcecode.swift; path = LocationDetailViewController.swift; sourceTree = "<group>"; };
		71A3A9221C0BB004008E4D0C /* Pin.swift */ = {isa = PBXFileReference; fileEncoding = 4; lastKnownFileType = sourcecode.swift; path = Pin.swift; sourceTree = "<group>"; };
		71A3A9241C0CE30B008E4D0C /* CoreDataStackManager.swift */ = {isa = PBXFileReference; fileEncoding = 4; lastKnownFileType = sourcecode.swift; path = CoreDataStackManager.swift; sourceTree = "<group>"; };
/* End PBXFileReference section */

/* Begin PBXFrameworksBuildPhase section */
		71A3A8FB1C0A5076008E4D0C /* Frameworks */ = {
			isa = PBXFrameworksBuildPhase;
			buildActionMask = 2147483647;
			files = (
				71A3A9141C0A539F008E4D0C /* MapKit.framework in Frameworks */,
			);
			runOnlyForDeploymentPostprocessing = 0;
		};
/* End PBXFrameworksBuildPhase section */

/* Begin PBXGroup section */
		71A3A8F51C0A5076008E4D0C = {
			isa = PBXGroup;
			children = (
				71A3A9131C0A539F008E4D0C /* MapKit.framework */,
				71A3A9001C0A5076008E4D0C /* Virtual Tourist */,
				71A3A8FF1C0A5076008E4D0C /* Products */,
			);
			sourceTree = "<group>";
		};
		71A3A8FF1C0A5076008E4D0C /* Products */ = {
			isa = PBXGroup;
			children = (
				71A3A8FE1C0A5076008E4D0C /* Virtual Tourist.app */,
			);
			name = Products;
			sourceTree = "<group>";
		};
		71A3A9001C0A5076008E4D0C /* Virtual Tourist */ = {
			isa = PBXGroup;
			children = (
				71A3A91D1C0BAF92008E4D0C /* Controllers */,
				71A3A91C1C0BAF89008E4D0C /* Models */,
				71A3A9011C0A5076008E4D0C /* AppDelegate.swift */,
				71A3A9051C0A5076008E4D0C /* Main.storyboard */,
				71A3A9081C0A5076008E4D0C /* Assets.xcassets */,
				71A3A90A1C0A5076008E4D0C /* LaunchScreen.storyboard */,
				71A3A90D1C0A5076008E4D0C /* Info.plist */,
				71A3A9171C0A54CF008E4D0C /* Model.xcdatamodeld */,
				71A3A9241C0CE30B008E4D0C /* CoreDataStackManager.swift */,
			);
			path = "Virtual Tourist";
			sourceTree = "<group>";
		};
		71A3A91C1C0BAF89008E4D0C /* Models */ = {
			isa = PBXGroup;
			children = (
				71A3A9221C0BB004008E4D0C /* Pin.swift */,
			);
			name = Models;
			sourceTree = "<group>";
		};
		71A3A91D1C0BAF92008E4D0C /* Controllers */ = {
			isa = PBXGroup;
			children = (
				71A3A9151C0A53F8008E4D0C /* MapViewController.swift */,
				71A3A91A1C0A5AD2008E4D0C /* LocationDetailViewController.swift */,
			);
			name = Controllers;
			sourceTree = "<group>";
		};
/* End PBXGroup section */

/* Begin PBXNativeTarget section */
		71A3A8FD1C0A5076008E4D0C /* Virtual Tourist */ = {
			isa = PBXNativeTarget;
			buildConfigurationList = 71A3A9101C0A5076008E4D0C /* Build configuration list for PBXNativeTarget "Virtual Tourist" */;
			buildPhases = (
				71A3A8FA1C0A5076008E4D0C /* Sources */,
				71A3A8FB1C0A5076008E4D0C /* Frameworks */,
				71A3A8FC1C0A5076008E4D0C /* Resources */,
			);
			buildRules = (
			);
			dependencies = (
			);
			name = "Virtual Tourist";
			productName = "Virtual Tourist";
			productReference = 71A3A8FE1C0A5076008E4D0C /* Virtual Tourist.app */;
			productType = "com.apple.product-type.application";
		};
/* End PBXNativeTarget section */

/* Begin PBXProject section */
		71A3A8F61C0A5076008E4D0C /* Project object */ = {
			isa = PBXProject;
			attributes = {
				LastSwiftUpdateCheck = 0710;
				LastUpgradeCheck = 0710;
				ORGANIZATIONNAME = "Julia Will";
				TargetAttributes = {
					71A3A8FD1C0A5076008E4D0C = {
						CreatedOnToolsVersion = 7.1;
					};
				};
			};
			buildConfigurationList = 71A3A8F91C0A5076008E4D0C /* Build configuration list for PBXProject "Virtual Tourist" */;
			compatibilityVersion = "Xcode 3.2";
			developmentRegion = English;
			hasScannedForEncodings = 0;
			knownRegions = (
				en,
				Base,
			);
			mainGroup = 71A3A8F51C0A5076008E4D0C;
			productRefGroup = 71A3A8FF1C0A5076008E4D0C /* Products */;
			projectDirPath = "";
			projectRoot = "";
			targets = (
				71A3A8FD1C0A5076008E4D0C /* Virtual Tourist */,
			);
		};
/* End PBXProject section */

/* Begin PBXResourcesBuildPhase section */
		71A3A8FC1C0A5076008E4D0C /* Resources */ = {
			isa = PBXResourcesBuildPhase;
			buildActionMask = 2147483647;
			files = (
				71A3A90C1C0A5076008E4D0C /* LaunchScreen.storyboard in Resources */,
				71A3A9091C0A5076008E4D0C /* Assets.xcassets in Resources */,
				71A3A9071C0A5076008E4D0C /* Main.storyboard in Resources */,
			);
			runOnlyForDeploymentPostprocessing = 0;
		};
/* End PBXResourcesBuildPhase section */

/* Begin PBXSourcesBuildPhase section */
		71A3A8FA1C0A5076008E4D0C /* Sources */ = {
			isa = PBXSourcesBuildPhase;
			buildActionMask = 2147483647;
			files = (
				71A3A9231C0BB004008E4D0C /* Pin.swift in Sources */,
				71A3A91B1C0A5AD2008E4D0C /* LocationDetailViewController.swift in Sources */,
				71A3A9021C0A5076008E4D0C /* AppDelegate.swift in Sources */,
				71A3A9161C0A53F8008E4D0C /* MapViewController.swift in Sources */,
				71A3A9191C0A54CF008E4D0C /* Model.xcdatamodeld in Sources */,
				71A3A9251C0CE30B008E4D0C /* CoreDataStackManager.swift in Sources */,
			);
			runOnlyForDeploymentPostprocessing = 0;
		};
/* End PBXSourcesBuildPhase section */

/* Begin PBXVariantGroup section */
		71A3A9051C0A5076008E4D0C /* Main.storyboard */ = {
			isa = PBXVariantGroup;
			children = (
				71A3A9061C0A5076008E4D0C /* Base */,
			);
			name = Main.storyboard;
			sourceTree = "<group>";
		};
		71A3A90A1C0A5076008E4D0C /* LaunchScreen.storyboard */ = {
			isa = PBXVariantGroup;
			children = (
				71A3A90B1C0A5076008E4D0C /* Base */,
			);
			name = LaunchScreen.storyboard;
			sourceTree = "<group>";
		};
/* End PBXVariantGroup section */

/* Begin XCBuildConfiguration section */
		71A3A90E1C0A5076008E4D0C /* Debug */ = {
			isa = XCBuildConfiguration;
			buildSettings = {
				ALWAYS_SEARCH_USER_PATHS = NO;
				CLANG_CXX_LANGUAGE_STANDARD = "gnu++0x";
				CLANG_CXX_LIBRARY = "libc++";
				CLANG_ENABLE_MODULES = YES;
				CLANG_ENABLE_OBJC_ARC = YES;
				CLANG_WARN_BOOL_CONVERSION = YES;
				CLANG_WARN_CONSTANT_CONVERSION = YES;
				CLANG_WARN_DIRECT_OBJC_ISA_USAGE = YES_ERROR;
				CLANG_WARN_EMPTY_BODY = YES;
				CLANG_WARN_ENUM_CONVERSION = YES;
				CLANG_WARN_INT_CONVERSION = YES;
				CLANG_WARN_OBJC_ROOT_CLASS = YES_ERROR;
				CLANG_WARN_UNREACHABLE_CODE = YES;
				CLANG_WARN__DUPLICATE_METHOD_MATCH = YES;
				"CODE_SIGN_IDENTITY[sdk=iphoneos*]" = "iPhone Developer";
				COPY_PHASE_STRIP = NO;
				DEBUG_INFORMATION_FORMAT = dwarf;
				ENABLE_STRICT_OBJC_MSGSEND = YES;
				ENABLE_TESTABILITY = YES;
				GCC_C_LANGUAGE_STANDARD = gnu99;
				GCC_DYNAMIC_NO_PIC = NO;
				GCC_NO_COMMON_BLOCKS = YES;
				GCC_OPTIMIZATION_LEVEL = 0;
				GCC_PREPROCESSOR_DEFINITIONS = (
					"DEBUG=1",
					"$(inherited)",
				);
				GCC_WARN_64_TO_32_BIT_CONVERSION = YES;
				GCC_WARN_ABOUT_RETURN_TYPE = YES_ERROR;
				GCC_WARN_UNDECLARED_SELECTOR = YES;
				GCC_WARN_UNINITIALIZED_AUTOS = YES_AGGRESSIVE;
				GCC_WARN_UNUSED_FUNCTION = YES;
				GCC_WARN_UNUSED_VARIABLE = YES;
				IPHONEOS_DEPLOYMENT_TARGET = 9.1;
				MTL_ENABLE_DEBUG_INFO = YES;
				ONLY_ACTIVE_ARCH = YES;
				SDKROOT = iphoneos;
				SWIFT_OPTIMIZATION_LEVEL = "-Onone";
			};
			name = Debug;
		};
		71A3A90F1C0A5076008E4D0C /* Release */ = {
			isa = XCBuildConfiguration;
			buildSettings = {
				ALWAYS_SEARCH_USER_PATHS = NO;
				CLANG_CXX_LANGUAGE_STANDARD = "gnu++0x";
				CLANG_CXX_LIBRARY = "libc++";
				CLANG_ENABLE_MODULES = YES;
				CLANG_ENABLE_OBJC_ARC = YES;
				CLANG_WARN_BOOL_CONVERSION = YES;
				CLANG_WARN_CONSTANT_CONVERSION = YES;
				CLANG_WARN_DIRECT_OBJC_ISA_USAGE = YES_ERROR;
				CLANG_WARN_EMPTY_BODY = YES;
				CLANG_WARN_ENUM_CONVERSION = YES;
				CLANG_WARN_INT_CONVERSION = YES;
				CLANG_WARN_OBJC_ROOT_CLASS = YES_ERROR;
				CLANG_WARN_UNREACHABLE_CODE = YES;
				CLANG_WARN__DUPLICATE_METHOD_MATCH = YES;
				"CODE_SIGN_IDENTITY[sdk=iphoneos*]" = "iPhone Developer";
				COPY_PHASE_STRIP = NO;
				DEBUG_INFORMATION_FORMAT = "dwarf-with-dsym";
				ENABLE_NS_ASSERTIONS = NO;
				ENABLE_STRICT_OBJC_MSGSEND = YES;
				GCC_C_LANGUAGE_STANDARD = gnu99;
				GCC_NO_COMMON_BLOCKS = YES;
				GCC_WARN_64_TO_32_BIT_CONVERSION = YES;
				GCC_WARN_ABOUT_RETURN_TYPE = YES_ERROR;
				GCC_WARN_UNDECLARED_SELECTOR = YES;
				GCC_WARN_UNINITIALIZED_AUTOS = YES_AGGRESSIVE;
				GCC_WARN_UNUSED_FUNCTION = YES;
				GCC_WARN_UNUSED_VARIABLE = YES;
				IPHONEOS_DEPLOYMENT_TARGET = 9.1;
				MTL_ENABLE_DEBUG_INFO = NO;
				SDKROOT = iphoneos;
				VALIDATE_PRODUCT = YES;
			};
			name = Release;
		};
		71A3A9111C0A5076008E4D0C /* Debug */ = {
			isa = XCBuildConfiguration;
			buildSettings = {
				ASSETCATALOG_COMPILER_APPICON_NAME = AppIcon;
				INFOPLIST_FILE = "Virtual Tourist/Info.plist";
				LD_RUNPATH_SEARCH_PATHS = "$(inherited) @executable_path/Frameworks";
				PRODUCT_BUNDLE_IDENTIFIER = "com.juliawill.Virtual-Tourist";
				PRODUCT_NAME = "$(TARGET_NAME)";
			};
			name = Debug;
		};
		71A3A9121C0A5076008E4D0C /* Release */ = {
			isa = XCBuildConfiguration;
			buildSettings = {
				ASSETCATALOG_COMPILER_APPICON_NAME = AppIcon;
				INFOPLIST_FILE = "Virtual Tourist/Info.plist";
				LD_RUNPATH_SEARCH_PATHS = "$(inherited) @executable_path/Frameworks";
				PRODUCT_BUNDLE_IDENTIFIER = "com.juliawill.Virtual-Tourist";
				PRODUCT_NAME = "$(TARGET_NAME)";
			};
			name = Release;
		};
/* End XCBuildConfiguration section */

/* Begin XCConfigurationList section */
		71A3A8F91C0A5076008E4D0C /* Build configuration list for PBXProject "Virtual Tourist" */ = {
			isa = XCConfigurationList;
			buildConfigurations = (
				71A3A90E1C0A5076008E4D0C /* Debug */,
				71A3A90F1C0A5076008E4D0C /* Release */,
			);
			defaultConfigurationIsVisible = 0;
			defaultConfigurationName = Release;
		};
		71A3A9101C0A5076008E4D0C /* Build configuration list for PBXNativeTarget "Virtual Tourist" */ = {
			isa = XCConfigurationList;
			buildConfigurations = (
				71A3A9111C0A5076008E4D0C /* Debug */,
				71A3A9121C0A5076008E4D0C /* Release */,
			);
			defaultConfigurationIsVisible = 0;
			defaultConfigurationName = Release;
		};
/* End XCConfigurationList section */

/* Begin XCVersionGroup section */
		71A3A9171C0A54CF008E4D0C /* Model.xcdatamodeld */ = {
			isa = XCVersionGroup;
			children = (
				71A3A9181C0A54CF008E4D0C /* Model.xcdatamodel */,
			);
			currentVersion = 71A3A9181C0A54CF008E4D0C /* Model.xcdatamodel */;
			path = Model.xcdatamodeld;
			sourceTree = "<group>";
			versionGroupType = wrapper.xcdatamodel;
		};
/* End XCVersionGroup section */
	};
	rootObject = 71A3A8F61C0A5076008E4D0C /* Project object */;
}
